
Microsoft Visual Studio Solution File, Format Version 12.00
# Visual Studio Version 16
VisualStudioVersion = 16.0.29020.237
MinimumVisualStudioVersion = 10.0.40219.1
Project("{FAE04EC0-301F-11D3-BF4B-00C04F79EFBC}") = "PuzzleCreator", "PuzzleCreator.csproj", "{09CAAD84-7C38-4CD5-86E3-07749FA6709B}"
EndProject
Project("{FAE04EC0-301F-11D3-BF4B-00C04F79EFBC}") = "XannLib", "..\XannLib\XannLib.csproj", "{F4676A41-03D9-4697-ACF5-8D6998333D1B}"
EndProject
Project("{FAE04EC0-301F-11D3-BF4B-00C04F79EFBC}") = "Update", "..\Update\Update.csproj", "{C2576761-9304-4F42-9DC1-F8726C98D1C5}"
EndProject
Global
	GlobalSection(SolutionConfigurationPlatforms) = preSolution
		Debug|Any CPU = Debug|Any CPU
		Publish|Any CPU = Publish|Any CPU
		Release|Any CPU = Release|Any CPU
	EndGlobalSection
	GlobalSection(ProjectConfigurationPlatforms) = postSolution
		{09CAAD84-7C38-4CD5-86E3-07749FA6709B}.Debug|Any CPU.ActiveCfg = Debug|Any CPU
		{09CAAD84-7C38-4CD5-86E3-07749FA6709B}.Debug|Any CPU.Build.0 = Debug|Any CPU
		{09CAAD84-7C38-4CD5-86E3-07749FA6709B}.Publish|Any CPU.ActiveCfg = Publish|Any CPU
		{09CAAD84-7C38-4CD5-86E3-07749FA6709B}.Publish|Any CPU.Build.0 = Publish|Any CPU
		{09CAAD84-7C38-4CD5-86E3-07749FA6709B}.Release|Any CPU.ActiveCfg = Release|Any CPU
		{09CAAD84-7C38-4CD5-86E3-07749FA6709B}.Release|Any CPU.Build.0 = Release|Any CPU
		{F4676A41-03D9-4697-ACF5-8D6998333D1B}.Debug|Any CPU.ActiveCfg = Debug|Any CPU
		{F4676A41-03D9-4697-ACF5-8D6998333D1B}.Debug|Any CPU.Build.0 = Debug|Any CPU
		{F4676A41-03D9-4697-ACF5-8D6998333D1B}.Publish|Any CPU.ActiveCfg = Publish|Any CPU
		{F4676A41-03D9-4697-ACF5-8D6998333D1B}.Publish|Any CPU.Build.0 = Publish|Any CPU
		{F4676A41-03D9-4697-ACF5-8D6998333D1B}.Release|Any CPU.ActiveCfg = Release|Any CPU
		{F4676A41-03D9-4697-ACF5-8D6998333D1B}.Release|Any CPU.Build.0 = Release|Any CPU
		{C2576761-9304-4F42-9DC1-F8726C98D1C5}.Debug|Any CPU.ActiveCfg = Debug|Any CPU
		{C2576761-9304-4F42-9DC1-F8726C98D1C5}.Debug|Any CPU.Build.0 = Debug|Any CPU
		{C2576761-9304-4F42-9DC1-F8726C98D1C5}.Publish|Any CPU.ActiveCfg = Publish|Any CPU
		{C2576761-9304-4F42-9DC1-F8726C98D1C5}.Publish|Any CPU.Build.0 = Publish|Any CPU
		{C2576761-9304-4F42-9DC1-F8726C98D1C5}.Release|Any CPU.ActiveCfg = Release|Any CPU
		{C2576761-9304-4F42-9DC1-F8726C98D1C5}.Release|Any CPU.Build.0 = Release|Any CPU
	EndGlobalSection
	GlobalSection(SolutionProperties) = preSolution
		HideSolutionNode = FALSE
	EndGlobalSection
	GlobalSection(ExtensibilityGlobals) = postSolution
		SolutionGuid = {9FF40BE9-FE77-44EC-AF85-F8B949404759}
	EndGlobalSection
EndGlobal
